
Microsoft Visual Studio Solution File, Format Version 11.00
# Visual Studio 2010
Project("{FAE04EC0-301F-11D3-BF4B-00C04F79EFBC}") = "Assembly-CSharp", "Assembly-CSharp.csproj", "{e9611346-9048-edec-0d9d-d24325a27a11}"
EndProject
Project("{FAE04EC0-301F-11D3-BF4B-00C04F79EFBC}") = "Assembly-CSharp-Editor", "Assembly-CSharp-Editor.csproj", "{14a6feb8-b037-2e93-2a67-0f1e99559975}"
EndProject
Global
	GlobalSection(SolutionConfigurationPlatforms) = preSolution
		Debug|Any CPU = Debug|Any CPU
	EndGlobalSection
	GlobalSection(ProjectConfigurationPlatforms) = postSolution
		{e9611346-9048-edec-0d9d-d24325a27a11}.Debug|Any CPU.ActiveCfg = Debug|Any CPU
		{e9611346-9048-edec-0d9d-d24325a27a11}.Debug|Any CPU.Build.0 = Debug|Any CPU
		{14a6feb8-b037-2e93-2a67-0f1e99559975}.Debug|Any CPU.ActiveCfg = Debug|Any CPU
		{14a6feb8-b037-2e93-2a67-0f1e99559975}.Debug|Any CPU.Build.0 = Debug|Any CPU
	EndGlobalSection
	GlobalSection(SolutionProperties) = preSolution
		HideSolutionNode = FALSE
	EndGlobalSection
EndGlobal
